[[dependencies]]
name = "@openzeppelin-contracts"
version = "5.3.0"
url = "https://soldeer-revisions.s3.amazonaws.com/@openzeppelin-contracts/5_3_0_10-04-2025_10:51:50_contracts.zip"
checksum = "fa2bc3db351137c4d5eb32b738a814a541b78e87fbcbfeca825e189c4c787153"
integrity = "d69addf252dfe0688dcd893a7821cbee2421f8ce53d95ca0845a59530043cfd1"

[[dependencies]]
name = "@openzeppelin-contracts-upgradeable"
version = "5.3.0"
url = "https://soldeer-revisions.s3.amazonaws.com/@openzeppelin-contracts-upgradeable/5_3_0_10-04-2025_10:51:56_contracts-upgradeable.zip"
checksum = "4bd92f87af0cac7226b12ce367e7327f13431735fa6010508d8c8177f9d3d10f"
integrity = "fa195a69ef4dfec7fec7fbbb77f424258c821832fdd355b0a6e5fe34d2986a16"

[[dependencies]]
name = "forge-std"
version = "1.9.6"
git = "https://github.com/foundry-rs/forge-std.git"
rev = "6853b9ec7df5dc0c213b05ae67785ad4f4baa0ea"
